// !$*UTF8*$!
{
	archiveVersion = 1;
	classes = {
	};
	objectVersion = 46;
	objects = {

/* Begin PBXBuildFile section */
		DE6E45561B1A16EF000FF0D9 /* AppDelegate.swift in Sources */ = {isa = PBXBuildFile; fileRef = DE6E45551B1A16EF000FF0D9 /* AppDelegate.swift */; };
		DE6E45581B1A16EF000FF0D9 /* ViewController.swift in Sources */ = {isa = PBXBuildFile; fileRef = DE6E45571B1A16EF000FF0D9 /* ViewController.swift */; };
		DE6E455A1B1A16EF000FF0D9 /* Images.xcassets in Resources */ = {isa = PBXBuildFile; fileRef = DE6E45591B1A16EF000FF0D9 /* Images.xcassets */; };
		DE6E455D1B1A16EF000FF0D9 /* Main.storyboard in Resources */ = {isa = PBXBuildFile; fileRef = DE6E455B1B1A16EF000FF0D9 /* Main.storyboard */; };
		DE6E45691B1A16EF000FF0D9 /* RosyTests.swift in Sources */ = {isa = PBXBuildFile; fileRef = DE6E45681B1A16EF000FF0D9 /* RosyTests.swift */; };
/* End PBXBuildFile section */

/* Begin PBXContainerItemProxy section */
		DE6E45631B1A16EF000FF0D9 /* PBXContainerItemProxy */ = {
			isa = PBXContainerItemProxy;
			containerPortal = DE6E45481B1A16EE000FF0D9 /* Project object */;
			proxyType = 1;
			remoteGlobalIDString = DE6E454F1B1A16EE000FF0D9;
			remoteInfo = Rosy;
		};
/* End PBXContainerItemProxy section */

/* Begin PBXFileReference section */
		DE6E45501B1A16EE000FF0D9 /* Rosy.app */ = {isa = PBXFileReference; explicitFileType = wrapper.application; includeInIndex = 0; path = Rosy.app; sourceTree = BUILT_PRODUCTS_DIR; };
		DE6E45541B1A16EF000FF0D9 /* Info.plist */ = {isa = PBXFileReference; lastKnownFileType = text.plist.xml; path = Info.plist; sourceTree = "<group>"; };
		DE6E45551B1A16EF000FF0D9 /* AppDelegate.swift */ = {isa = PBXFileReference; lastKnownFileType = sourcecode.swift; path = AppDelegate.swift; sourceTree = "<group>"; };
		DE6E45571B1A16EF000FF0D9 /* ViewController.swift */ = {isa = PBXFileReference; lastKnownFileType = sourcecode.swift; path = ViewController.swift; sourceTree = "<group>"; };
		DE6E45591B1A16EF000FF0D9 /* Images.xcassets */ = {isa = PBXFileReference; lastKnownFileType = folder.assetcatalog; path = Images.xcassets; sourceTree = "<group>"; };
		DE6E455C1B1A16EF000FF0D9 /* Base */ = {isa = PBXFileReference; lastKnownFileType = file.storyboard; name = Base; path = Base.lproj/Main.storyboard; sourceTree = "<group>"; };
		DE6E45621B1A16EF000FF0D9 /* RosyTests.xctest */ = {isa = PBXFileReference; explicitFileType = wrapper.cfbundle; includeInIndex = 0; path = RosyTests.xctest; sourceTree = BUILT_PRODUCTS_DIR; };
		DE6E45671B1A16EF000FF0D9 /* Info.plist */ = {isa = PBXFileReference; lastKnownFileType = text.plist.xml; path = Info.plist; sourceTree = "<group>"; };
		DE6E45681B1A16EF000FF0D9 /* RosyTests.swift */ = {isa = PBXFileReference; lastKnownFileType = sourcecode.swift; path = RosyTests.swift; sourceTree = "<group>"; };
/* End PBXFileReference section */

/* Begin PBXFrameworksBuildPhase section */
		DE6E454D1B1A16EE000FF0D9 /* Frameworks */ = {
			isa = PBXFrameworksBuildPhase;
			buildActionMask = 2147483647;
			files = (
			);
			runOnlyForDeploymentPostprocessing = 0;
		};
		DE6E455F1B1A16EF000FF0D9 /* Frameworks */ = {
			isa = PBXFrameworksBuildPhase;
			buildActionMask = 2147483647;
			files = (
			);
			runOnlyForDeploymentPostprocessing = 0;
		};
/* End PBXFrameworksBuildPhase section */

/* Begin PBXGroup section */
		DE6E45471B1A16EE000FF0D9 = {
			isa = PBXGroup;
			children = (
				DE6E45521B1A16EE000FF0D9 /* Rosy */,
				DE6E45651B1A16EF000FF0D9 /* RosyTests */,
				DE6E45511B1A16EE000FF0D9 /* Products */,
			);
			sourceTree = "<group>";
		};
		DE6E45511B1A16EE000FF0D9 /* Products */ = {
			isa = PBXGroup;
			children = (
				DE6E45501B1A16EE000FF0D9 /* Rosy.app */,
				DE6E45621B1A16EF000FF0D9 /* RosyTests.xctest */,
			);
			name = Products;
			sourceTree = "<group>";
		};
		DE6E45521B1A16EE000FF0D9 /* Rosy */ = {
			isa = PBXGroup;
			children = (
				DE6E45551B1A16EF000FF0D9 /* AppDelegate.swift */,
				DE6E45571B1A16EF000FF0D9 /* ViewController.swift */,
				DE6E45591B1A16EF000FF0D9 /* Images.xcassets */,
				DE6E455B1B1A16EF000FF0D9 /* Main.storyboard */,
				DE6E45531B1A16EE000FF0D9 /* Supporting Files */,
			);
			path = Rosy;
			sourceTree = "<group>";
		};
		DE6E45531B1A16EE000FF0D9 /* Supporting Files */ = {
			isa = PBXGroup;
			children = (
				DE6E45541B1A16EF000FF0D9 /* Info.plist */,
			);
			name = "Supporting Files";
			sourceTree = "<group>";
		};
		DE6E45651B1A16EF000FF0D9 /* RosyTests */ = {
			isa = PBXGroup;
			children = (
				DE6E45681B1A16EF000FF0D9 /* RosyTests.swift */,
				DE6E45661B1A16EF000FF0D9 /* Supporting Files */,
			);
			path = RosyTests;
			sourceTree = "<group>";
		};
		DE6E45661B1A16EF000FF0D9 /* Supporting Files */ = {
			isa = PBXGroup;
			children = (
				DE6E45671B1A16EF000FF0D9 /* Info.plist */,
			);
			name = "Supporting Files";
			sourceTree = "<group>";
		};
/* End PBXGroup section */

/* Begin PBXNativeTarget section */
		DE6E454F1B1A16EE000FF0D9 /* Rosy */ = {
			isa = PBXNativeTarget;
			buildConfigurationList = DE6E456C1B1A16EF000FF0D9 /* Build configuration list for PBXNativeTarget "Rosy" */;
			buildPhases = (
				DE6E454C1B1A16EE000FF0D9 /* Sources */,
				DE6E454D1B1A16EE000FF0D9 /* Frameworks */,
				DE6E454E1B1A16EE000FF0D9 /* Resources */,
			);
			buildRules = (
			);
			dependencies = (
			);
			name = Rosy;
			productName = Rosy;
			productReference = DE6E45501B1A16EE000FF0D9 /* Rosy.app */;
			productType = "com.apple.product-type.application";
		};
		DE6E45611B1A16EF000FF0D9 /* RosyTests */ = {
			isa = PBXNativeTarget;
			buildConfigurationList = DE6E456F1B1A16EF000FF0D9 /* Build configuration list for PBXNativeTarget "RosyTests" */;
			buildPhases = (
				DE6E455E1B1A16EF000FF0D9 /* Sources */,
				DE6E455F1B1A16EF000FF0D9 /* Frameworks */,
				DE6E45601B1A16EF000FF0D9 /* Resources */,
			);
			buildRules = (
			);
			dependencies = (
				DE6E45641B1A16EF000FF0D9 /* PBXTargetDependency */,
			);
			name = RosyTests;
			productName = RosyTests;
			productReference = DE6E45621B1A16EF000FF0D9 /* RosyTests.xctest */;
			productType = "com.apple.product-type.bundle.unit-test";
		};
/* End PBXNativeTarget section */

/* Begin PBXProject section */
		DE6E45481B1A16EE000FF0D9 /* Project object */ = {
			isa = PBXProject;
			attributes = {
				LastUpgradeCheck = 0620;
				ORGANIZATIONNAME = "Jay Greene";
				TargetAttributes = {
					DE6E454F1B1A16EE000FF0D9 = {
						CreatedOnToolsVersion = 6.2;
					};
					DE6E45611B1A16EF000FF0D9 = {
						CreatedOnToolsVersion = 6.2;
						TestTargetID = DE6E454F1B1A16EE000FF0D9;
					};
				};
			};
			buildConfigurationList = DE6E454B1B1A16EE000FF0D9 /* Build configuration list for PBXProject "Rosy" */;
			compatibilityVersion = "Xcode 3.2";
			developmentRegion = English;
			hasScannedForEncodings = 0;
			knownRegions = (
				en,
				Base,
			);
			mainGroup = DE6E45471B1A16EE000FF0D9;
			productRefGroup = DE6E45511B1A16EE000FF0D9 /* Products */;
			projectDirPath = "";
			projectRoot = "";
			targets = (
				DE6E454F1B1A16EE000FF0D9 /* Rosy */,
				DE6E45611B1A16EF000FF0D9 /* RosyTests */,
			);
		};
/* End PBXProject section */

/* Begin PBXResourcesBuildPhase section */
		DE6E454E1B1A16EE000FF0D9 /* Resources */ = {
			isa = PBXResourcesBuildPhase;
			buildActionMask = 2147483647;
			files = (
				DE6E455A1B1A16EF000FF0D9 /* Images.xcassets in Resources */,
				DE6E455D1B1A16EF000FF0D9 /* Main.storyboard in Resources */,
			);
			runOnlyForDeploymentPostprocessing = 0;
		};
		DE6E45601B1A16EF000FF0D9 /* Resources */ = {
			isa = PBXResourcesBuildPhase;
			buildActionMask = 2147483647;
			files = (
			);
			runOnlyForDeploymentPostprocessing = 0;
		};
/* End PBXResourcesBuildPhase section */

/* Begin PBXSourcesBuildPhase section */
		DE6E454C1B1A16EE000FF0D9 /* Sources */ = {
			isa = PBXSourcesBuildPhase;
			buildActionMask = 2147483647;
			files = (
				DE6E45581B1A16EF000FF0D9 /* ViewController.swift in Sources */,
				DE6E45561B1A16EF000FF0D9 /* AppDelegate.swift in Sources */,
			);
			runOnlyForDeploymentPostprocessing = 0;
		};
		DE6E455E1B1A16EF000FF0D9 /* Sources */ = {
			isa = PBXSourcesBuildPhase;
			buildActionMask = 2147483647;
			files = (
				DE6E45691B1A16EF000FF0D9 /* RosyTests.swift in Sources */,
			);
			runOnlyForDeploymentPostprocessing = 0;
		};
/* End PBXSourcesBuildPhase section */

/* Begin PBXTargetDependency section */
		DE6E45641B1A16EF000FF0D9 /* PBXTargetDependency */ = {
			isa = PBXTargetDependency;
			target = DE6E454F1B1A16EE000FF0D9 /* Rosy */;
			targetProxy = DE6E45631B1A16EF000FF0D9 /* PBXContainerItemProxy */;
		};
/* End PBXTargetDependency section */

/* Begin PBXVariantGroup section */
		DE6E455B1B1A16EF000FF0D9 /* Main.storyboard */ = {
			isa = PBXVariantGroup;
			children = (
				DE6E455C1B1A16EF000FF0D9 /* Base */,
			);
			name = Main.storyboard;
			sourceTree = "<group>";
		};
/* End PBXVariantGroup section */

/* Begin XCBuildConfiguration section */
		DE6E456A1B1A16EF000FF0D9 /* Debug */ = {
			isa = XCBuildConfiguration;
			buildSettings = {
				ALWAYS_SEARCH_USER_PATHS = NO;
				CLANG_CXX_LANGUAGE_STANDARD = "gnu++0x";
				CLANG_CXX_LIBRARY = "libc++";
				CLANG_ENABLE_MODULES = YES;
				CLANG_ENABLE_OBJC_ARC = YES;
				CLANG_WARN_BOOL_CONVERSION = YES;
				CLANG_WARN_CONSTANT_CONVERSION = YES;
				CLANG_WARN_DIRECT_OBJC_ISA_USAGE = YES_ERROR;
				CLANG_WARN_EMPTY_BODY = YES;
				CLANG_WARN_ENUM_CONVERSION = YES;
				CLANG_WARN_INT_CONVERSION = YES;
				CLANG_WARN_OBJC_ROOT_CLASS = YES_ERROR;
				CLANG_WARN_UNREACHABLE_CODE = YES;
				CLANG_WARN__DUPLICATE_METHOD_MATCH = YES;
				CODE_SIGN_IDENTITY = "-";
				COPY_PHASE_STRIP = NO;
				ENABLE_STRICT_OBJC_MSGSEND = YES;
				GCC_C_LANGUAGE_STANDARD = gnu99;
				GCC_DYNAMIC_NO_PIC = NO;
				GCC_OPTIMIZATION_LEVEL = 0;
				GCC_PREPROCESSOR_DEFINITIONS = (
					"DEBUG=1",
					"$(inherited)",
				);
				GCC_SYMBOLS_PRIVATE_EXTERN = NO;
				GCC_WARN_64_TO_32_BIT_CONVERSION = YES;
				GCC_WARN_ABOUT_RETURN_TYPE = YES_ERROR;
				GCC_WARN_UNDECLARED_SELECTOR = YES;
				GCC_WARN_UNINITIALIZED_AUTOS = YES_AGGRESSIVE;
				GCC_WARN_UNUSED_FUNCTION = YES;
				GCC_WARN_UNUSED_VARIABLE = YES;
				MACOSX_DEPLOYMENT_TARGET = 10.10;
				MTL_ENABLE_DEBUG_INFO = YES;
				ONLY_ACTIVE_ARCH = YES;
				SDKROOT = macosx;
				SWIFT_OPTIMIZATION_LEVEL = "-Onone";
			};
			name = Debug;
		};
		DE6E456B1B1A16EF000FF0D9 /* Release */ = {
			isa = XCBuildConfiguration;
			buildSettings = {
				ALWAYS_SEARCH_USER_PATHS = NO;
				CLANG_CXX_LANGUAGE_STANDARD = "gnu++0x";
				CLANG_CXX_LIBRARY = "libc++";
				CLANG_ENABLE_MODULES = YES;
				CLANG_ENABLE_OBJC_ARC = YES;
				CLANG_WARN_BOOL_CONVERSION = YES;
				CLANG_WARN_CONSTANT_CONVERSION = YES;
				CLANG_WARN_DIRECT_OBJC_ISA_USAGE = YES_ERROR;
				CLANG_WARN_EMPTY_BODY = YES;
				CLANG_WARN_ENUM_CONVERSION = YES;
				CLANG_WARN_INT_CONVERSION = YES;
				CLANG_WARN_OBJC_ROOT_CLASS = YES_ERROR;
				CLANG_WARN_UNREACHABLE_CODE = YES;
				CLANG_WARN__DUPLICATE_METHOD_MATCH = YES;
				CODE_SIGN_IDENTITY = "-";
				COPY_PHASE_STRIP = NO;
				DEBUG_INFORMATION_FORMAT = "dwarf-with-dsym";
				ENABLE_NS_ASSERTIONS = NO;
				ENABLE_STRICT_OBJC_MSGSEND = YES;
				GCC_C_LANGUAGE_STANDARD = gnu99;
				GCC_WARN_64_TO_32_BIT_CONVERSION = YES;
				GCC_WARN_ABOUT_RETURN_TYPE = YES_ERROR;
				GCC_WARN_UNDECLARED_SELECTOR = YES;
				GCC_WARN_UNINITIALIZED_AUTOS = YES_AGGRESSIVE;
				GCC_WARN_UNUSED_FUNCTION = YES;
				GCC_WARN_UNUSED_VARIABLE = YES;
				MACOSX_DEPLOYMENT_TARGET = 10.10;
				MTL_ENABLE_DEBUG_INFO = NO;
				SDKROOT = macosx;
			};
			name = Release;
		};
		DE6E456D1B1A16EF000FF0D9 /* Debug */ = {
			isa = XCBuildConfiguration;
			buildSettings = {
				ASSETCATALOG_COMPILER_APPICON_NAME = AppIcon;
				COMBINE_HIDPI_IMAGES = YES;
				INFOPLIST_FILE = Rosy/Info.plist;
				LD_RUNPATH_SEARCH_PATHS = "$(inherited) @executable_path/../Frameworks";
				PRODUCT_NAME = "$(TARGET_NAME)";
			};
			name = Debug;
		};
		DE6E456E1B1A16EF000FF0D9 /* Release */ = {
			isa = XCBuildConfiguration;
			buildSettings = {
				ASSETCATALOG_COMPILER_APPICON_NAME = AppIcon;
				COMBINE_HIDPI_IMAGES = YES;
				INFOPLIST_FILE = Rosy/Info.plist;
				LD_RUNPATH_SEARCH_PATHS = "$(inherited) @executable_path/../Frameworks";
				PRODUCT_NAME = "$(TARGET_NAME)";
			};
			name = Release;
		};
		DE6E45701B1A16EF000FF0D9 /* Debug */ = {
			isa = XCBuildConfiguration;
			buildSettings = {
				BUNDLE_LOADER = "$(TEST_HOST)";
				COMBINE_HIDPI_IMAGES = YES;
				FRAMEWORK_SEARCH_PATHS = (
					"$(DEVELOPER_FRAMEWORKS_DIR)",
					"$(inherited)",
				);
				GCC_PREPROCESSOR_DEFINITIONS = (
					"DEBUG=1",
					"$(inherited)",
				);
				INFOPLIST_FILE = RosyTests/Info.plist;
				LD_RUNPATH_SEARCH_PATHS = "$(inherited) @executable_path/../Frameworks @loader_path/../Frameworks";
				PRODUCT_NAME = "$(TARGET_NAME)";
				TEST_HOST = "$(BUILT_PRODUCTS_DIR)/Rosy.app/Contents/MacOS/Rosy";
			};
			name = Debug;
		};
		DE6E45711B1A16EF000FF0D9 /* Release */ = {
			isa = XCBuildConfiguration;
			buildSettings = {
				BUNDLE_LOADER = "$(TEST_HOST)";
				COMBINE_HIDPI_IMAGES = YES;
				FRAMEWORK_SEARCH_PATHS = (
					"$(DEVELOPER_FRAMEWORKS_DIR)",
					"$(inherited)",
				);
				INFOPLIST_FILE = RosyTests/Info.plist;
				LD_RUNPATH_SEARCH_PATHS = "$(inherited) @executable_path/../Frameworks @loader_path/../Frameworks";
				PRODUCT_NAME = "$(TARGET_NAME)";
				TEST_HOST = "$(BUILT_PRODUCTS_DIR)/Rosy.app/Contents/MacOS/Rosy";
			};
			name = Release;
		};
/* End XCBuildConfiguration section */

/* Begin XCConfigurationList section */
		DE6E454B1B1A16EE000FF0D9 /* Build configuration list for PBXProject "Rosy" */ = {
			isa = XCConfigurationList;
			buildConfigurations = (
				DE6E456A1B1A16EF000FF0D9 /* Debug */,
				DE6E456B1B1A16EF000FF0D9 /* Release */,
			);
			defaultConfigurationIsVisible = 0;
			defaultConfigurationName = Release;
		};
		DE6E456C1B1A16EF000FF0D9 /* Build configuration list for PBXNativeTarget "Rosy" */ = {
			isa = XCConfigurationList;
			buildConfigurations = (
				DE6E456D1B1A16EF000FF0D9 /* Debug */,
				DE6E456E1B1A16EF000FF0D9 /* Release */,
			);
			defaultConfigurationIsVisible = 0;
		};
		DE6E456F1B1A16EF000FF0D9 /* Build configuration list for PBXNativeTarget "RosyTests" */ = {
			isa = XCConfigurationList;
			buildConfigurations = (
				DE6E45701B1A16EF000FF0D9 /* Debug */,
				DE6E45711B1A16EF000FF0D9 /* Release */,
			);
			defaultConfigurationIsVisible = 0;
		};
/* End XCConfigurationList section */
	};
	rootObject = DE6E45481B1A16EE000FF0D9 /* Project object */;
}
